<?xml version="1.0" encoding="utf-8"?>
<Project ToolsVersion="4.0" xmlns="http://schemas.microsoft.com/developer/msbuild/2003">
  <ItemGroup>
    <Filter Include="Source Files">
      <UniqueIdentifier>{4FC737F1-C7A5-4376-A066-2A32D752A2FF}</UniqueIdentifier>
      <Extensions>qml;cpp;c;cc;cxx;def;odl;idl;hpj;bat;asm;asmx</Extensions>
    </Filter>
    <Filter Include="Header Files">
      <UniqueIdentifier>{93995380-89BD-4b04-88EB-625FBE52EBFB}</UniqueIdentifier>
      <Extensions>h;hh;hpp;hxx;hm;inl;inc;xsd</Extensions>
    </Filter>
    <Filter Include="Resource Files">
      <UniqueIdentifier>{67DA6AB6-F800-4c08-8B7A-83BB121AAD01}</UniqueIdentifier>
      <Extensions>qrc;rc;ico;cur;bmp;dlg;rc2;rct;bin;rgs;gif;jpg;jpeg;jpe;resx;tiff;tif;png;wav;mfcribbon-ms</Extensions>
    </Filter>
    <Filter Include="Form Files">
      <UniqueIdentifier>{99349809-55BA-4b9d-BF79-8FDBB0286EB3}</UniqueIdentifier>
      <Extensions>ui</Extensions>
    </Filter>
    <Filter Include="Translation Files">
      <UniqueIdentifier>{639EADAA-A684-42e4-A9AD-28FC9BCB8F7C}</UniqueIdentifier>
      <Extensions>ts</Extensions>
    </Filter>
    <Filter Include="Header Files\dialog">
      <UniqueIdentifier>{3d43d0bd-19f5-4146-bacc-eeb3e2aac64e}</UniqueIdentifier>
    </Filter>
    <Filter Include="Header Files\widget">
      <UniqueIdentifier>{e8fa4a2f-6657-4ea6-9734-c30da38ec58e}</UniqueIdentifier>
    </Filter>
    <Filter Include="Header Files\system">
      <UniqueIdentifier>{f7e3ec09-66c5-47f8-81a9-59c1df13ed8f}</UniqueIdentifier>
    </Filter>
    <Filter Include="Source Files\widget">
      <UniqueIdentifier>{50bfd7f5-d203-4449-a84d-a41c4f2d24cf}</UniqueIdentifier>
    </Filter>
    <Filter Include="Source Files\test">
      <UniqueIdentifier>{0ab6e8b3-07cd-4149-8511-aef14aa9398c}</UniqueIdentifier>
    </Filter>
    <Filter Include="Header Files\system\file">
      <UniqueIdentifier>{1eebabbc-b179-40fb-8f79-5d086040849a}</UniqueIdentifier>
    </Filter>
    <Filter Include="Header Files\system\string">
      <UniqueIdentifier>{e2ea7544-72c7-4dd6-8a71-7c6f7735c808}</UniqueIdentifier>
    </Filter>
  </ItemGroup>
  <ItemGroup>
    <QtRcc Include="MainWidgets.qrc">
      <Filter>Resource Files</Filter>
    </QtRcc>
    <QtUic Include="MainWidgets.ui">
      <Filter>Form Files</Filter>
    </QtUic>
    <None Include="RunPlusProject.ico">
      <Filter>Resource Files</Filter>
    </None>
    <ResourceCompile Include="RunPlusProject.rc">
      <Filter>Resource Files</Filter>
    </ResourceCompile>
  </ItemGroup>
  <ItemGroup>
    <ClCompile Include="main.cpp">
      <Filter>Source Files</Filter>
    </ClCompile>
    <ClCompile Include="SelectDialog.h">
      <Filter>Header Files\dialog</Filter>
    </ClCompile>
    <ClCompile Include="MainWidgets.cpp">
      <Filter>Source Files\widget</Filter>
    </ClCompile>
    <ClCompile Include="GetFileMethods.h">
      <Filter>Header Files\system\file</Filter>
    </ClCompile>
  </ItemGroup>
  <ItemGroup>
    <ClInclude Include="main.h">
      <Filter>Header Files</Filter>
    </ClInclude>
    <ClInclude Include="EncodingForm.h">
      <Filter>Header Files\system\string</Filter>
    </ClInclude>
    <ClInclude Include="JsonMethods.h">
      <Filter>Header Files\system\string</Filter>
    </ClInclude>
  </ItemGroup>
  <ItemGroup>
    <QtMoc Include="MainWidgets.h">
      <Filter>Header Files\widget</Filter>
    </QtMoc>
  </ItemGroup>
  <ItemGroup>
    <None Include="packages.config" />
  </ItemGroup>
</Project>