
Microsoft Visual Studio Solution File, Format Version 12.00
# Visual Studio Version 17
VisualStudioVersion = 17.3.32922.545
MinimumVisualStudioVersion = 10.0.40219.1
Project("{8BC9CEB8-8B4A-11D0-8D11-00A0C91BC942}") = "RunPlusProject", "RunPlusProject\RunPlusProject.vcxproj", "{C2CBC079-40BE-49AE-819D-453B8E677600}"
EndProject
Project("{8BC9CEB8-8B4A-11D0-8D11-00A0C91BC942}") = "RunPlusTestProject", "RunPlusTestProject\RunPlusTestProject.vcxproj", "{8CAE5A11-9B7F-4E91-8A4D-D3112EC82A62}"
EndProject
Global
	GlobalSection(SolutionConfigurationPlatforms) = preSolution
		Debug|Win32 = Debug|Win32
		Debug|x64 = Debug|x64
		Debug|x86 = Debug|x86
		Release|Win32 = Release|Win32
		Release|x64 = Release|x64
		Release|x86 = Release|x86
	EndGlobalSection
	GlobalSection(ProjectConfigurationPlatforms) = postSolution
		{C2CBC079-40BE-49AE-819D-453B8E677600}.Debug|Win32.ActiveCfg = Debug|x64
		{C2CBC079-40BE-49AE-819D-453B8E677600}.Debug|Win32.Build.0 = Debug|x64
		{C2CBC079-40BE-49AE-819D-453B8E677600}.Debug|x64.ActiveCfg = Debug|x64
		{C2CBC079-40BE-49AE-819D-453B8E677600}.Debug|x64.Build.0 = Debug|x64
		{C2CBC079-40BE-49AE-819D-453B8E677600}.Debug|x86.ActiveCfg = Debug|x64
		{C2CBC079-40BE-49AE-819D-453B8E677600}.Debug|x86.Build.0 = Debug|x64
		{C2CBC079-40BE-49AE-819D-453B8E677600}.Release|Win32.ActiveCfg = Release|x64
		{C2CBC079-40BE-49AE-819D-453B8E677600}.Release|Win32.Build.0 = Release|x64
		{C2CBC079-40BE-49AE-819D-453B8E677600}.Release|x64.ActiveCfg = Release|x64
		{C2CBC079-40BE-49AE-819D-453B8E677600}.Release|x64.Build.0 = Release|x64
		{C2CBC079-40BE-49AE-819D-453B8E677600}.Release|x86.ActiveCfg = Release|x64
		{C2CBC079-40BE-49AE-819D-453B8E677600}.Release|x86.Build.0 = Release|x64
		{8CAE5A11-9B7F-4E91-8A4D-D3112EC82A62}.Debug|Win32.ActiveCfg = Debug|x64
		{8CAE5A11-9B7F-4E91-8A4D-D3112EC82A62}.Debug|Win32.Build.0 = Debug|x64
		{8CAE5A11-9B7F-4E91-8A4D-D3112EC82A62}.Debug|x64.ActiveCfg = Debug|x64
		{8CAE5A11-9B7F-4E91-8A4D-D3112EC82A62}.Debug|x64.Build.0 = Debug|x64
		{8CAE5A11-9B7F-4E91-8A4D-D3112EC82A62}.Debug|x86.ActiveCfg = Debug|x64
		{8CAE5A11-9B7F-4E91-8A4D-D3112EC82A62}.Debug|x86.Build.0 = Debug|x64
		{8CAE5A11-9B7F-4E91-8A4D-D3112EC82A62}.Release|Win32.ActiveCfg = Release|x64
		{8CAE5A11-9B7F-4E91-8A4D-D3112EC82A62}.Release|Win32.Build.0 = Release|x64
		{8CAE5A11-9B7F-4E91-8A4D-D3112EC82A62}.Release|x64.ActiveCfg = Release|x64
		{8CAE5A11-9B7F-4E91-8A4D-D3112EC82A62}.Release|x64.Build.0 = Release|x64
		{8CAE5A11-9B7F-4E91-8A4D-D3112EC82A62}.Release|x86.ActiveCfg = Release|x64
		{8CAE5A11-9B7F-4E91-8A4D-D3112EC82A62}.Release|x86.Build.0 = Release|x64
	EndGlobalSection
	GlobalSection(SolutionProperties) = preSolution
		HideSolutionNode = FALSE
	EndGlobalSection
	GlobalSection(ExtensibilityGlobals) = postSolution
		SolutionGuid = {09AF4DA6-060A-40AC-A1D8-612E717589B9}
	EndGlobalSection
EndGlobal
